
Microsoft Visual Studio Solution File, Format Version 12.00
# Visual Studio 14
VisualStudioVersion = 14.0.25420.1
MinimumVisualStudioVersion = 10.0.40219.1
Project("{FAE04EC0-301F-11D3-BF4B-00C04F79EFBC}") = "InfluxDB.NET.Udp", "InfluxDB.NET.Udp\InfluxDB.NET.Udp.csproj", "{C66058E5-244C-42F5-80B0-759600204AE2}"
EndProject
Project("{FAE04EC0-301F-11D3-BF4B-00C04F79EFBC}") = "Test", "Test\Test.csproj", "{85DD2634-C20B-475E-ACC5-76CEFDD7CF35}"
EndProject
Global
	GlobalSection(SolutionConfigurationPlatforms) = preSolution
		Debug|Any CPU = Debug|Any CPU
		Release|Any CPU = Release|Any CPU
	EndGlobalSection
	GlobalSection(ProjectConfigurationPlatforms) = postSolution
		{C66058E5-244C-42F5-80B0-759600204AE2}.Debug|Any CPU.ActiveCfg = Debug|Any CPU
		{C66058E5-244C-42F5-80B0-759600204AE2}.Debug|Any CPU.Build.0 = Debug|Any CPU
		{C66058E5-244C-42F5-80B0-759600204AE2}.Release|Any CPU.ActiveCfg = Release|Any CPU
		{C66058E5-244C-42F5-80B0-759600204AE2}.Release|Any CPU.Build.0 = Release|Any CPU
		{85DD2634-C20B-475E-ACC5-76CEFDD7CF35}.Debug|Any CPU.ActiveCfg = Debug|Any CPU
		{85DD2634-C20B-475E-ACC5-76CEFDD7CF35}.Debug|Any CPU.Build.0 = Debug|Any CPU
		{85DD2634-C20B-475E-ACC5-76CEFDD7CF35}.Release|Any CPU.ActiveCfg = Release|Any CPU
		{85DD2634-C20B-475E-ACC5-76CEFDD7CF35}.Release|Any CPU.Build.0 = Release|Any CPU
	EndGlobalSection
	GlobalSection(SolutionProperties) = preSolution
		HideSolutionNode = FALSE
	EndGlobalSection
EndGlobal
